
Microsoft Visual Studio Solution File, Format Version 12.00
# Visual Studio Version 16
VisualStudioVersion = 16.0.31129.286
MinimumVisualStudioVersion = 10.0.40219.1
Project("{9A19103F-16F7-4668-BE54-9A1E7A4F7556}") = "RecordLibrary", "Parameters\RecordLibrary.csproj", "{FA4BFDA4-9A98-4BF1-82E4-E89EBF968E72}"
EndProject
Project("{FAE04EC0-301F-11D3-BF4B-00C04F79EFBC}") = "RecordsStudients", "RecordsStudients\RecordsStudients.csproj", "{ACC92A83-5BB4-4F27-90C0-67152E12F0D9}"
EndProject
Global
	GlobalSection(SolutionConfigurationPlatforms) = preSolution
		Debug|Any CPU = Debug|Any CPU
		Release|Any CPU = Release|Any CPU
	EndGlobalSection
	GlobalSection(ProjectConfigurationPlatforms) = postSolution
		{FA4BFDA4-9A98-4BF1-82E4-E89EBF968E72}.Debug|Any CPU.ActiveCfg = Debug|Any CPU
		{FA4BFDA4-9A98-4BF1-82E4-E89EBF968E72}.Debug|Any CPU.Build.0 = Debug|Any CPU
		{FA4BFDA4-9A98-4BF1-82E4-E89EBF968E72}.Release|Any CPU.ActiveCfg = Release|Any CPU
		{FA4BFDA4-9A98-4BF1-82E4-E89EBF968E72}.Release|Any CPU.Build.0 = Release|Any CPU
		{ACC92A83-5BB4-4F27-90C0-67152E12F0D9}.Debug|Any CPU.ActiveCfg = Debug|Any CPU
		{ACC92A83-5BB4-4F27-90C0-67152E12F0D9}.Debug|Any CPU.Build.0 = Debug|Any CPU
		{ACC92A83-5BB4-4F27-90C0-67152E12F0D9}.Release|Any CPU.ActiveCfg = Release|Any CPU
		{ACC92A83-5BB4-4F27-90C0-67152E12F0D9}.Release|Any CPU.Build.0 = Release|Any CPU
	EndGlobalSection
	GlobalSection(SolutionProperties) = preSolution
		HideSolutionNode = FALSE
	EndGlobalSection
	GlobalSection(ExtensibilityGlobals) = postSolution
		SolutionGuid = {D20020AF-F08E-4926-A922-FBD4B091BC01}
	EndGlobalSection
EndGlobal
